// !$*UTF8*$!
{
	archiveVersion = 1;
	classes = {
	};
	objectVersion = 46;
	objects = {

/* Begin PBXBuildFile section */
		6B7BFDE41BB5E7F20014B24E /* InstagramPostsTableViewCell.m in Sources */ = {isa = PBXBuildFile; fileRef = 6B7BFDE31BB5E7F20014B24E /* InstagramPostsTableViewCell.m */; settings = {ASSET_TAGS = (); }; };
		6B7BFDE71BB5E83C0014B24E /* InstaPost.m in Sources */ = {isa = PBXBuildFile; fileRef = 6B7BFDE61BB5E83C0014B24E /* InstaPost.m */; settings = {ASSET_TAGS = (); }; };
		6B7BFDEA1BB5E8A30014B24E /* InstagramDetailViewController.m in Sources */ = {isa = PBXBuildFile; fileRef = 6B7BFDE91BB5E8A30014B24E /* InstagramDetailViewController.m */; settings = {ASSET_TAGS = (); }; };
		6B7E7DBA1BBA23C000EDA881 /* MapKit.framework in Frameworks */ = {isa = PBXBuildFile; fileRef = 6B7E7DB91BBA23C000EDA881 /* MapKit.framework */; };
		6BA440E91BB0DB5700BEC68E /* APIManager.m in Sources */ = {isa = PBXBuildFile; fileRef = 6BA440E81BB0DB5700BEC68E /* APIManager.m */; settings = {ASSET_TAGS = (); }; };
		6BA440EC1BB0DBA700BEC68E /* vegaNomViewController.m in Sources */ = {isa = PBXBuildFile; fileRef = 6BA440EB1BB0DBA700BEC68E /* vegaNomViewController.m */; settings = {ASSET_TAGS = (); }; };
		6BA440F21BB0DF3900BEC68E /* VegaNomSearchResult.m in Sources */ = {isa = PBXBuildFile; fileRef = 6BA440F11BB0DF3900BEC68E /* VegaNomSearchResult.m */; settings = {ASSET_TAGS = (); }; };
		6BA4F96C1BB6DE7300497B07 /* DistProTh.otf in Resources */ = {isa = PBXBuildFile; fileRef = 6BA4F96A1BB6DCFA00497B07 /* DistProTh.otf */; };
		6BA4F96D1BB6DE7B00497B07 /* FreightSansCmpPro-Light.otf in Resources */ = {isa = PBXBuildFile; fileRef = 6BA4F96B1BB6DD1200497B07 /* FreightSansCmpPro-Light.otf */; };
		6BC1C0C81BB37D8A00442479 /* NSURLRequest+OAuth.m in Sources */ = {isa = PBXBuildFile; fileRef = 6BC1C09C1BB37D8A00442479 /* NSURLRequest+OAuth.m */; settings = {ASSET_TAGS = (); }; };
		6BC1C0C91BB37D8A00442479 /* NSMutableURLRequest+Parameters.m in Sources */ = {isa = PBXBuildFile; fileRef = 6BC1C0A01BB37D8A00442479 /* NSMutableURLRequest+Parameters.m */; settings = {COMPILER_FLAGS = "-fno-objc-arc"; }; };
		6BC1C0CA1BB37D8A00442479 /* NSString+URLEncoding.m in Sources */ = {isa = PBXBuildFile; fileRef = 6BC1C0A21BB37D8A00442479 /* NSString+URLEncoding.m */; settings = {COMPILER_FLAGS = "-fno-objc-arc"; }; };
		6BC1C0CB1BB37D8A00442479 /* NSURL+Base.m in Sources */ = {isa = PBXBuildFile; fileRef = 6BC1C0A41BB37D8A00442479 /* NSURL+Base.m */; settings = {ASSET_TAGS = (); }; };
		6BC1C0CC1BB37D8A00442479 /* Base64Transcoder.c in Sources */ = {isa = PBXBuildFile; fileRef = 6BC1C0A61BB37D8A00442479 /* Base64Transcoder.c */; settings = {ASSET_TAGS = (); }; };
		6BC1C0CD1BB37D8A00442479 /* hmac.c in Sources */ = {isa = PBXBuildFile; fileRef = 6BC1C0A81BB37D8A00442479 /* hmac.c */; settings = {ASSET_TAGS = (); }; };
		6BC1C0CE1BB37D8A00442479 /* sha1.c in Sources */ = {isa = PBXBuildFile; fileRef = 6BC1C0AA1BB37D8A00442479 /* sha1.c */; settings = {ASSET_TAGS = (); }; };
		6BC1C0CF1BB37D8A00442479 /* OACall.m in Sources */ = {isa = PBXBuildFile; fileRef = 6BC1C0AD1BB37D8A00442479 /* OACall.m */; settings = {COMPILER_FLAGS = "-fno-objc-arc"; }; };
		6BC1C0D01BB37D8A00442479 /* OAConsumer.m in Sources */ = {isa = PBXBuildFile; fileRef = 6BC1C0AF1BB37D8A00442479 /* OAConsumer.m */; settings = {COMPILER_FLAGS = "-fno-objc-arc"; }; };
		6BC1C0D11BB37D8A00442479 /* OADataFetcher.m in Sources */ = {isa = PBXBuildFile; fileRef = 6BC1C0B11BB37D8A00442479 /* OADataFetcher.m */; settings = {COMPILER_FLAGS = "-fno-objc-arc"; }; };
		6BC1C0D21BB37D8A00442479 /* OAHMAC_SHA1SignatureProvider.m in Sources */ = {isa = PBXBuildFile; fileRef = 6BC1C0B31BB37D8A00442479 /* OAHMAC_SHA1SignatureProvider.m */; settings = {COMPILER_FLAGS = "-fno-objc-arc"; }; };
		6BC1C0D31BB37D8A00442479 /* OAMutableURLRequest.m in Sources */ = {isa = PBXBuildFile; fileRef = 6BC1C0B51BB37D8A00442479 /* OAMutableURLRequest.m */; settings = {COMPILER_FLAGS = "-fno-objc-arc"; }; };
		6BC1C0D41BB37D8A00442479 /* OAPlaintextSignatureProvider.m in Sources */ = {isa = PBXBuildFile; fileRef = 6BC1C0B71BB37D8A00442479 /* OAPlaintextSignatureProvider.m */; settings = {COMPILER_FLAGS = "-fno-objc-arc"; }; };
		6BC1C0D51BB37D8A00442479 /* OAProblem.m in Sources */ = {isa = PBXBuildFile; fileRef = 6BC1C0B91BB37D8A00442479 /* OAProblem.m */; settings = {COMPILER_FLAGS = "-fno-objc-arc"; }; };
		6BC1C0D61BB37D8A00442479 /* OARequestParameter.m in Sources */ = {isa = PBXBuildFile; fileRef = 6BC1C0BB1BB37D8A00442479 /* OARequestParameter.m */; settings = {COMPILER_FLAGS = "-fno-objc-arc"; }; };
		6BC1C0D71BB37D8A00442479 /* OAServiceTicket.m in Sources */ = {isa = PBXBuildFile; fileRef = 6BC1C0BD1BB37D8A00442479 /* OAServiceTicket.m */; settings = {COMPILER_FLAGS = "-fno-objc-arc"; }; };
		6BC1C0D81BB37D8A00442479 /* OAToken.m in Sources */ = {isa = PBXBuildFile; fileRef = 6BC1C0C01BB37D8A00442479 /* OAToken.m */; settings = {COMPILER_FLAGS = "-fno-objc-arc"; }; };
		6BC1C0D91BB37D8A00442479 /* OATokenManager.m in Sources */ = {isa = PBXBuildFile; fileRef = 6BC1C0C21BB37D8A00442479 /* OATokenManager.m */; settings = {COMPILER_FLAGS = "-fno-objc-arc"; }; };
		6BC1C0DC1BB391B500442479 /* Foundation.framework in Frameworks */ = {isa = PBXBuildFile; fileRef = 6BC1C0DB1BB391B500442479 /* Foundation.framework */; };
		8D7DCD4B1BAF859400A92AD2 /* main.m in Sources */ = {isa = PBXBuildFile; fileRef = 8D7DCD4A1BAF859400A92AD2 /* main.m */; };
		8D7DCD4E1BAF859400A92AD2 /* AppDelegate.m in Sources */ = {isa = PBXBuildFile; fileRef = 8D7DCD4D1BAF859400A92AD2 /* AppDelegate.m */; };
		8D7DCD541BAF859400A92AD2 /* Main.storyboard in Resources */ = {isa = PBXBuildFile; fileRef = 8D7DCD521BAF859400A92AD2 /* Main.storyboard */; };
		8D7DCD561BAF859400A92AD2 /* Assets.xcassets in Resources */ = {isa = PBXBuildFile; fileRef = 8D7DCD551BAF859400A92AD2 /* Assets.xcassets */; };
		8D7DCD591BAF859400A92AD2 /* LaunchScreen.storyboard in Resources */ = {isa = PBXBuildFile; fileRef = 8D7DCD571BAF859400A92AD2 /* LaunchScreen.storyboard */; };
/* End PBXBuildFile section */

/* Begin PBXFileReference section */
		6B7BFDE21BB5E7F20014B24E /* InstagramPostsTableViewCell.h */ = {isa = PBXFileReference; fileEncoding = 4; lastKnownFileType = sourcecode.c.h; path = InstagramPostsTableViewCell.h; sourceTree = "<group>"; };
		6B7BFDE31BB5E7F20014B24E /* InstagramPostsTableViewCell.m */ = {isa = PBXFileReference; fileEncoding = 4; lastKnownFileType = sourcecode.c.objc; path = InstagramPostsTableViewCell.m; sourceTree = "<group>"; };
		6B7BFDE51BB5E83C0014B24E /* InstaPost.h */ = {isa = PBXFileReference; fileEncoding = 4; lastKnownFileType = sourcecode.c.h; path = InstaPost.h; sourceTree = "<group>"; };
		6B7BFDE61BB5E83C0014B24E /* InstaPost.m */ = {isa = PBXFileReference; fileEncoding = 4; lastKnownFileType = sourcecode.c.objc; path = InstaPost.m; sourceTree = "<group>"; };
		6B7BFDE81BB5E8A30014B24E /* InstagramDetailViewController.h */ = {isa = PBXFileReference; fileEncoding = 4; lastKnownFileType = sourcecode.c.h; path = InstagramDetailViewController.h; sourceTree = "<group>"; };
		6B7BFDE91BB5E8A30014B24E /* InstagramDetailViewController.m */ = {isa = PBXFileReference; fileEncoding = 4; lastKnownFileType = sourcecode.c.objc; path = InstagramDetailViewController.m; sourceTree = "<group>"; };
		6B7E7DB91BBA23C000EDA881 /* MapKit.framework */ = {isa = PBXFileReference; lastKnownFileType = wrapper.framework; name = MapKit.framework; path = System/Library/Frameworks/MapKit.framework; sourceTree = SDKROOT; };
		6BA440E71BB0DB5700BEC68E /* APIManager.h */ = {isa = PBXFileReference; fileEncoding = 4; lastKnownFileType = sourcecode.c.h; path = APIManager.h; sourceTree = "<group>"; };
		6BA440E81BB0DB5700BEC68E /* APIManager.m */ = {isa = PBXFileReference; fileEncoding = 4; lastKnownFileType = sourcecode.c.objc; path = APIManager.m; sourceTree = "<group>"; };
		6BA440EA1BB0DBA700BEC68E /* vegaNomViewController.h */ = {isa = PBXFileReference; fileEncoding = 4; lastKnownFileType = sourcecode.c.h; path = vegaNomViewController.h; sourceTree = "<group>"; };
		6BA440EB1BB0DBA700BEC68E /* vegaNomViewController.m */ = {isa = PBXFileReference; fileEncoding = 4; lastKnownFileType = sourcecode.c.objc; path = vegaNomViewController.m; sourceTree = "<group>"; };
		6BA440F01BB0DF3900BEC68E /* VegaNomSearchResult.h */ = {isa = PBXFileReference; fileEncoding = 4; lastKnownFileType = sourcecode.c.h; path = VegaNomSearchResult.h; sourceTree = "<group>"; };
		6BA440F11BB0DF3900BEC68E /* VegaNomSearchResult.m */ = {isa = PBXFileReference; fileEncoding = 4; lastKnownFileType = sourcecode.c.objc; path = VegaNomSearchResult.m; sourceTree = "<group>"; };
		6BA4F96A1BB6DCFA00497B07 /* DistProTh.otf */ = {isa = PBXFileReference; lastKnownFileType = file; path = DistProTh.otf; sourceTree = "<group>"; };
		6BA4F96B1BB6DD1200497B07 /* FreightSansCmpPro-Light.otf */ = {isa = PBXFileReference; lastKnownFileType = file; path = "FreightSansCmpPro-Light.otf"; sourceTree = "<group>"; };
		6BC1C09B1BB37D8A00442479 /* NSURLRequest+OAuth.h */ = {isa = PBXFileReference; fileEncoding = 4; lastKnownFileType = sourcecode.c.h; path = "NSURLRequest+OAuth.h"; sourceTree = "<group>"; };
		6BC1C09C1BB37D8A00442479 /* NSURLRequest+OAuth.m */ = {isa = PBXFileReference; fileEncoding = 4; lastKnownFileType = sourcecode.c.objc; path = "NSURLRequest+OAuth.m"; sourceTree = "<group>"; };
		6BC1C09F1BB37D8A00442479 /* NSMutableURLRequest+Parameters.h */ = {isa = PBXFileReference; fileEncoding = 4; lastKnownFileType = sourcecode.c.h; path = "NSMutableURLRequest+Parameters.h"; sourceTree = "<group>"; };
		6BC1C0A01BB37D8A00442479 /* NSMutableURLRequest+Parameters.m */ = {isa = PBXFileReference; fileEncoding = 4; lastKnownFileType = sourcecode.c.objc; path = "NSMutableURLRequest+Parameters.m"; sourceTree = "<group>"; };
		6BC1C0A11BB37D8A00442479 /* NSString+URLEncoding.h */ = {isa = PBXFileReference; fileEncoding = 4; lastKnownFileType = sourcecode.c.h; path = "NSString+URLEncoding.h"; sourceTree = "<group>"; };
		6BC1C0A21BB37D8A00442479 /* NSString+URLEncoding.m */ = {isa = PBXFileReference; fileEncoding = 4; lastKnownFileType = sourcecode.c.objc; path = "NSString+URLEncoding.m"; sourceTree = "<group>"; };
		6BC1C0A31BB37D8A00442479 /* NSURL+Base.h */ = {isa = PBXFileReference; fileEncoding = 4; lastKnownFileType = sourcecode.c.h; path = "NSURL+Base.h"; sourceTree = "<group>"; };
		6BC1C0A41BB37D8A00442479 /* NSURL+Base.m */ = {isa = PBXFileReference; fileEncoding = 4; lastKnownFileType = sourcecode.c.objc; path = "NSURL+Base.m"; sourceTree = "<group>"; };
		6BC1C0A61BB37D8A00442479 /* Base64Transcoder.c */ = {isa = PBXFileReference; fileEncoding = 4; lastKnownFileType = sourcecode.c.c; path = Base64Transcoder.c; sourceTree = "<group>"; };
		6BC1C0A71BB37D8A00442479 /* Base64Transcoder.h */ = {isa = PBXFileReference; fileEncoding = 4; lastKnownFileType = sourcecode.c.h; path = Base64Transcoder.h; sourceTree = "<group>"; };
		6BC1C0A81BB37D8A00442479 /* hmac.c */ = {isa = PBXFileReference; fileEncoding = 4; lastKnownFileType = sourcecode.c.c; path = hmac.c; sourceTree = "<group>"; };
		6BC1C0A91BB37D8A00442479 /* hmac.h */ = {isa = PBXFileReference; fileEncoding = 4; lastKnownFileType = sourcecode.c.h; path = hmac.h; sourceTree = "<group>"; };
		6BC1C0AA1BB37D8A00442479 /* sha1.c */ = {isa = PBXFileReference; fileEncoding = 4; lastKnownFileType = sourcecode.c.c; path = sha1.c; sourceTree = "<group>"; };
		6BC1C0AB1BB37D8A00442479 /* sha1.h */ = {isa = PBXFileReference; fileEncoding = 4; lastKnownFileType = sourcecode.c.h; path = sha1.h; sourceTree = "<group>"; };
		6BC1C0AC1BB37D8A00442479 /* OACall.h */ = {isa = PBXFileReference; fileEncoding = 4; lastKnownFileType = sourcecode.c.h; path = OACall.h; sourceTree = "<group>"; };
		6BC1C0AD1BB37D8A00442479 /* OACall.m */ = {isa = PBXFileReference; fileEncoding = 4; lastKnownFileType = sourcecode.c.objc; path = OACall.m; sourceTree = "<group>"; };
		6BC1C0AE1BB37D8A00442479 /* OAConsumer.h */ = {isa = PBXFileReference; fileEncoding = 4; lastKnownFileType = sourcecode.c.h; path = OAConsumer.h; sourceTree = "<group>"; };
		6BC1C0AF1BB37D8A00442479 /* OAConsumer.m */ = {isa = PBXFileReference; fileEncoding = 4; lastKnownFileType = sourcecode.c.objc; path = OAConsumer.m; sourceTree = "<group>"; };
		6BC1C0B01BB37D8A00442479 /* OADataFetcher.h */ = {isa = PBXFileReference; fileEncoding = 4; lastKnownFileType = sourcecode.c.h; path = OADataFetcher.h; sourceTree = "<group>"; };
		6BC1C0B11BB37D8A00442479 /* OADataFetcher.m */ = {isa = PBXFileReference; fileEncoding = 4; lastKnownFileType = sourcecode.c.objc; path = OADataFetcher.m; sourceTree = "<group>"; };
		6BC1C0B21BB37D8A00442479 /* OAHMAC_SHA1SignatureProvider.h */ = {isa = PBXFileReference; fileEncoding = 4; lastKnownFileType = sourcecode.c.h; path = OAHMAC_SHA1SignatureProvider.h; sourceTree = "<group>"; };
		6BC1C0B31BB37D8A00442479 /* OAHMAC_SHA1SignatureProvider.m */ = {isa = PBXFileReference; fileEncoding = 4; lastKnownFileType = sourcecode.c.objc; path = OAHMAC_SHA1SignatureProvider.m; sourceTree = "<group>"; };
		6BC1C0B41BB37D8A00442479 /* OAMutableURLRequest.h */ = {isa = PBXFileReference; fileEncoding = 4; lastKnownFileType = sourcecode.c.h; path = OAMutableURLRequest.h; sourceTree = "<group>"; };
		6BC1C0B51BB37D8A00442479 /* OAMutableURLRequest.m */ = {isa = PBXFileReference; fileEncoding = 4; lastKnownFileType = sourcecode.c.objc; path = OAMutableURLRequest.m; sourceTree = "<group>"; };
		6BC1C0B61BB37D8A00442479 /* OAPlaintextSignatureProvider.h */ = {isa = PBXFileReference; fileEncoding = 4; lastKnownFileType = sourcecode.c.h; path = OAPlaintextSignatureProvider.h; sourceTree = "<group>"; };
		6BC1C0B71BB37D8A00442479 /* OAPlaintextSignatureProvider.m */ = {isa = PBXFileReference; fileEncoding = 4; lastKnownFileType = sourcecode.c.objc; path = OAPlaintextSignatureProvider.m; sourceTree = "<group>"; };
		6BC1C0B81BB37D8A00442479 /* OAProblem.h */ = {isa = PBXFileReference; fileEncoding = 4; lastKnownFileType = sourcecode.c.h; path = OAProblem.h; sourceTree = "<group>"; };
		6BC1C0B91BB37D8A00442479 /* OAProblem.m */ = {isa = PBXFileReference; fileEncoding = 4; lastKnownFileType = sourcecode.c.objc; path = OAProblem.m; sourceTree = "<group>"; };
		6BC1C0BA1BB37D8A00442479 /* OARequestParameter.h */ = {isa = PBXFileReference; fileEncoding = 4; lastKnownFileType = sourcecode.c.h; path = OARequestParameter.h; sourceTree = "<group>"; };
		6BC1C0BB1BB37D8A00442479 /* OARequestParameter.m */ = {isa = PBXFileReference; fileEncoding = 4; lastKnownFileType = sourcecode.c.objc; path = OARequestParameter.m; sourceTree = "<group>"; };
		6BC1C0BC1BB37D8A00442479 /* OAServiceTicket.h */ = {isa = PBXFileReference; fileEncoding = 4; lastKnownFileType = sourcecode.c.h; path = OAServiceTicket.h; sourceTree = "<group>"; };
		6BC1C0BD1BB37D8A00442479 /* OAServiceTicket.m */ = {isa = PBXFileReference; fileEncoding = 4; lastKnownFileType = sourcecode.c.objc; path = OAServiceTicket.m; sourceTree = "<group>"; };
		6BC1C0BE1BB37D8A00442479 /* OASignatureProviding.h */ = {isa = PBXFileReference; fileEncoding = 4; lastKnownFileType = sourcecode.c.h; path = OASignatureProviding.h; sourceTree = "<group>"; };
		6BC1C0BF1BB37D8A00442479 /* OAToken.h */ = {isa = PBXFileReference; fileEncoding = 4; lastKnownFileType = sourcecode.c.h; path = OAToken.h; sourceTree = "<group>"; };
		6BC1C0C01BB37D8A00442479 /* OAToken.m */ = {isa = PBXFileReference; fileEncoding = 4; lastKnownFileType = sourcecode.c.objc; path = OAToken.m; sourceTree = "<group>"; };
		6BC1C0C11BB37D8A00442479 /* OATokenManager.h */ = {isa = PBXFileReference; fileEncoding = 4; lastKnownFileType = sourcecode.c.h; path = OATokenManager.h; sourceTree = "<group>"; };
		6BC1C0C21BB37D8A00442479 /* OATokenManager.m */ = {isa = PBXFileReference; fileEncoding = 4; lastKnownFileType = sourcecode.c.objc; path = OATokenManager.m; sourceTree = "<group>"; };
		6BC1C0C31BB37D8A00442479 /* OAuthConsumer.h */ = {isa = PBXFileReference; fileEncoding = 4; lastKnownFileType = sourcecode.c.h; path = OAuthConsumer.h; sourceTree = "<group>"; };
		6BC1C0DB1BB391B500442479 /* Foundation.framework */ = {isa = PBXFileReference; lastKnownFileType = wrapper.framework; name = Foundation.framework; path = System/Library/Frameworks/Foundation.framework; sourceTree = SDKROOT; };
		8D7DCD461BAF859400A92AD2 /* TalkinToTheNet.app */ = {isa = PBXFileReference; explicitFileType = wrapper.application; includeInIndex = 0; path = TalkinToTheNet.app; sourceTree = BUILT_PRODUCTS_DIR; };
		8D7DCD4A1BAF859400A92AD2 /* main.m */ = {isa = PBXFileReference; lastKnownFileType = sourcecode.c.objc; path = main.m; sourceTree = "<group>"; };
		8D7DCD4C1BAF859400A92AD2 /* AppDelegate.h */ = {isa = PBXFileReference; lastKnownFileType = sourcecode.c.h; path = AppDelegate.h; sourceTree = "<group>"; };
		8D7DCD4D1BAF859400A92AD2 /* AppDelegate.m */ = {isa = PBXFileReference; lastKnownFileType = sourcecode.c.objc; path = AppDelegate.m; sourceTree = "<group>"; };
		8D7DCD531BAF859400A92AD2 /* Base */ = {isa = PBXFileReference; lastKnownFileType = file.storyboard; name = Base; path = Base.lproj/Main.storyboard; sourceTree = "<group>"; };
		8D7DCD551BAF859400A92AD2 /* Assets.xcassets */ = {isa = PBXFileReference; lastKnownFileType = folder.assetcatalog; path = Assets.xcassets; sourceTree = "<group>"; };
		8D7DCD581BAF859400A92AD2 /* Base */ = {isa = PBXFileReference; lastKnownFileType = file.storyboard; name = Base; path = Base.lproj/LaunchScreen.storyboard; sourceTree = "<group>"; };
		8D7DCD5A1BAF859400A92AD2 /* Info.plist */ = {isa = PBXFileReference; lastKnownFileType = text.plist.xml; path = Info.plist; sourceTree = "<group>"; };
/* End PBXFileReference section */

/* Begin PBXFrameworksBuildPhase section */
		8D7DCD431BAF859400A92AD2 /* Frameworks */ = {
			isa = PBXFrameworksBuildPhase;
			buildActionMask = 2147483647;
			files = (
				6B7E7DBA1BBA23C000EDA881 /* MapKit.framework in Frameworks */,
				6BC1C0DC1BB391B500442479 /* Foundation.framework in Frameworks */,
			);
			runOnlyForDeploymentPostprocessing = 0;
		};
/* End PBXFrameworksBuildPhase section */

/* Begin PBXGroup section */
		6BC1C0991BB37D8A00442479 /* YelpAPISample */ = {
			isa = PBXGroup;
			children = (
				6BC1C09B1BB37D8A00442479 /* NSURLRequest+OAuth.h */,
				6BC1C09C1BB37D8A00442479 /* NSURLRequest+OAuth.m */,
				6BC1C09D1BB37D8A00442479 /* OAuthConsumer */,
			);
			path = YelpAPISample;
			sourceTree = "<group>";
		};
		6BC1C09D1BB37D8A00442479 /* OAuthConsumer */ = {
			isa = PBXGroup;
			children = (
				6BC1C09E1BB37D8A00442479 /* Categories */,
				6BC1C0A51BB37D8A00442479 /* Crytpo */,
				6BC1C0AC1BB37D8A00442479 /* OACall.h */,
				6BC1C0AD1BB37D8A00442479 /* OACall.m */,
				6BC1C0AE1BB37D8A00442479 /* OAConsumer.h */,
				6BC1C0AF1BB37D8A00442479 /* OAConsumer.m */,
				6BC1C0B01BB37D8A00442479 /* OADataFetcher.h */,
				6BC1C0B11BB37D8A00442479 /* OADataFetcher.m */,
				6BC1C0B21BB37D8A00442479 /* OAHMAC_SHA1SignatureProvider.h */,
				6BC1C0B31BB37D8A00442479 /* OAHMAC_SHA1SignatureProvider.m */,
				6BC1C0B41BB37D8A00442479 /* OAMutableURLRequest.h */,
				6BC1C0B51BB37D8A00442479 /* OAMutableURLRequest.m */,
				6BC1C0B61BB37D8A00442479 /* OAPlaintextSignatureProvider.h */,
				6BC1C0B71BB37D8A00442479 /* OAPlaintextSignatureProvider.m */,
				6BC1C0B81BB37D8A00442479 /* OAProblem.h */,
				6BC1C0B91BB37D8A00442479 /* OAProblem.m */,
				6BC1C0BA1BB37D8A00442479 /* OARequestParameter.h */,
				6BC1C0BB1BB37D8A00442479 /* OARequestParameter.m */,
				6BC1C0BC1BB37D8A00442479 /* OAServiceTicket.h */,
				6BC1C0BD1BB37D8A00442479 /* OAServiceTicket.m */,
				6BC1C0BE1BB37D8A00442479 /* OASignatureProviding.h */,
				6BC1C0BF1BB37D8A00442479 /* OAToken.h */,
				6BC1C0C01BB37D8A00442479 /* OAToken.m */,
				6BC1C0C11BB37D8A00442479 /* OATokenManager.h */,
				6BC1C0C21BB37D8A00442479 /* OATokenManager.m */,
				6BC1C0C31BB37D8A00442479 /* OAuthConsumer.h */,
			);
			path = OAuthConsumer;
			sourceTree = "<group>";
		};
		6BC1C09E1BB37D8A00442479 /* Categories */ = {
			isa = PBXGroup;
			children = (
				6BC1C09F1BB37D8A00442479 /* NSMutableURLRequest+Parameters.h */,
				6BC1C0A01BB37D8A00442479 /* NSMutableURLRequest+Parameters.m */,
				6BC1C0A11BB37D8A00442479 /* NSString+URLEncoding.h */,
				6BC1C0A21BB37D8A00442479 /* NSString+URLEncoding.m */,
				6BC1C0A31BB37D8A00442479 /* NSURL+Base.h */,
				6BC1C0A41BB37D8A00442479 /* NSURL+Base.m */,
			);
			path = Categories;
			sourceTree = "<group>";
		};
		6BC1C0A51BB37D8A00442479 /* Crytpo */ = {
			isa = PBXGroup;
			children = (
				6BC1C0A61BB37D8A00442479 /* Base64Transcoder.c */,
				6BC1C0A71BB37D8A00442479 /* Base64Transcoder.h */,
				6BC1C0A81BB37D8A00442479 /* hmac.c */,
				6BC1C0A91BB37D8A00442479 /* hmac.h */,
				6BC1C0AA1BB37D8A00442479 /* sha1.c */,
				6BC1C0AB1BB37D8A00442479 /* sha1.h */,
			);
			path = Crytpo;
			sourceTree = "<group>";
		};
		8D7DCD3D1BAF859400A92AD2 = {
			isa = PBXGroup;
			children = (
				6B7E7DB91BBA23C000EDA881 /* MapKit.framework */,
				6BC1C0DB1BB391B500442479 /* Foundation.framework */,
				8D7DCD481BAF859400A92AD2 /* TalkinToTheNet */,
				8D7DCD471BAF859400A92AD2 /* Products */,
			);
			sourceTree = "<group>";
		};
		8D7DCD471BAF859400A92AD2 /* Products */ = {
			isa = PBXGroup;
			children = (
				8D7DCD461BAF859400A92AD2 /* TalkinToTheNet.app */,
			);
			name = Products;
			sourceTree = "<group>";
		};
		8D7DCD481BAF859400A92AD2 /* TalkinToTheNet */ = {
			isa = PBXGroup;
			children = (
				6BC1C0991BB37D8A00442479 /* YelpAPISample */,
				8D7DCD4C1BAF859400A92AD2 /* AppDelegate.h */,
				8D7DCD4D1BAF859400A92AD2 /* AppDelegate.m */,
				6B7BFDE51BB5E83C0014B24E /* InstaPost.h */,
				6B7BFDE61BB5E83C0014B24E /* InstaPost.m */,
				6B7BFDE81BB5E8A30014B24E /* InstagramDetailViewController.h */,
				6B7BFDE91BB5E8A30014B24E /* InstagramDetailViewController.m */,
				6B7BFDE21BB5E7F20014B24E /* InstagramPostsTableViewCell.h */,
				6B7BFDE31BB5E7F20014B24E /* InstagramPostsTableViewCell.m */,
				6BA440F01BB0DF3900BEC68E /* VegaNomSearchResult.h */,
				6BA440F11BB0DF3900BEC68E /* VegaNomSearchResult.m */,
				6BA440E71BB0DB5700BEC68E /* APIManager.h */,
				6BA440E81BB0DB5700BEC68E /* APIManager.m */,
				6BA440EA1BB0DBA700BEC68E /* vegaNomViewController.h */,
				6BA440EB1BB0DBA700BEC68E /* vegaNomViewController.m */,
				8D7DCD521BAF859400A92AD2 /* Main.storyboard */,
				8D7DCD551BAF859400A92AD2 /* Assets.xcassets */,
				8D7DCD571BAF859400A92AD2 /* LaunchScreen.storyboard */,
				8D7DCD5A1BAF859400A92AD2 /* Info.plist */,
				8D7DCD491BAF859400A92AD2 /* Supporting Files */,
			);
			path = TalkinToTheNet;
			sourceTree = "<group>";
		};
		8D7DCD491BAF859400A92AD2 /* Supporting Files */ = {
			isa = PBXGroup;
			children = (
				6BA4F96A1BB6DCFA00497B07 /* DistProTh.otf */,
				6BA4F96B1BB6DD1200497B07 /* FreightSansCmpPro-Light.otf */,
				8D7DCD4A1BAF859400A92AD2 /* main.m */,
			);
			name = "Supporting Files";
			sourceTree = "<group>";
		};
/* End PBXGroup section */

/* Begin PBXNativeTarget section */
		8D7DCD451BAF859400A92AD2 /* TalkinToTheNet */ = {
			isa = PBXNativeTarget;
			buildConfigurationList = 8D7DCD5D1BAF859400A92AD2 /* Build configuration list for PBXNativeTarget "TalkinToTheNet" */;
			buildPhases = (
				8D7DCD421BAF859400A92AD2 /* Sources */,
				8D7DCD431BAF859400A92AD2 /* Frameworks */,
				8D7DCD441BAF859400A92AD2 /* Resources */,
			);
			buildRules = (
			);
			dependencies = (
			);
			name = TalkinToTheNet;
			productName = TalkinToTheNet;
			productReference = 8D7DCD461BAF859400A92AD2 /* TalkinToTheNet.app */;
			productType = "com.apple.product-type.application";
		};
/* End PBXNativeTarget section */

/* Begin PBXProject section */
		8D7DCD3E1BAF859400A92AD2 /* Project object */ = {
			isa = PBXProject;
			attributes = {
				LastUpgradeCheck = 0700;
				ORGANIZATIONNAME = "Mike Kavouras";
				TargetAttributes = {
					8D7DCD451BAF859400A92AD2 = {
						CreatedOnToolsVersion = 7.0;
					};
				};
			};
			buildConfigurationList = 8D7DCD411BAF859400A92AD2 /* Build configuration list for PBXProject "TalkinToTheNet" */;
			compatibilityVersion = "Xcode 3.2";
			developmentRegion = English;
			hasScannedForEncodings = 0;
			knownRegions = (
				en,
				Base,
			);
			mainGroup = 8D7DCD3D1BAF859400A92AD2;
			productRefGroup = 8D7DCD471BAF859400A92AD2 /* Products */;
			projectDirPath = "";
			projectRoot = "";
			targets = (
				8D7DCD451BAF859400A92AD2 /* TalkinToTheNet */,
			);
		};
/* End PBXProject section */

/* Begin PBXResourcesBuildPhase section */
		8D7DCD441BAF859400A92AD2 /* Resources */ = {
			isa = PBXResourcesBuildPhase;
			buildActionMask = 2147483647;
			files = (
				6BA4F96D1BB6DE7B00497B07 /* FreightSansCmpPro-Light.otf in Resources */,
				6BA4F96C1BB6DE7300497B07 /* DistProTh.otf in Resources */,
				8D7DCD591BAF859400A92AD2 /* LaunchScreen.storyboard in Resources */,
				8D7DCD561BAF859400A92AD2 /* Assets.xcassets in Resources */,
				8D7DCD541BAF859400A92AD2 /* Main.storyboard in Resources */,
			);
			runOnlyForDeploymentPostprocessing = 0;
		};
/* End PBXResourcesBuildPhase section */

/* Begin PBXSourcesBuildPhase section */
		8D7DCD421BAF859400A92AD2 /* Sources */ = {
			isa = PBXSourcesBuildPhase;
			buildActionMask = 2147483647;
			files = (
				6BC1C0D31BB37D8A00442479 /* OAMutableURLRequest.m in Sources */,
				6BC1C0D81BB37D8A00442479 /* OAToken.m in Sources */,
				6BC1C0CE1BB37D8A00442479 /* sha1.c in Sources */,
				6B7BFDEA1BB5E8A30014B24E /* InstagramDetailViewController.m in Sources */,
				6BC1C0D41BB37D8A00442479 /* OAPlaintextSignatureProvider.m in Sources */,
				6BC1C0CD1BB37D8A00442479 /* hmac.c in Sources */,
				6BC1C0CA1BB37D8A00442479 /* NSString+URLEncoding.m in Sources */,
				6BC1C0D71BB37D8A00442479 /* OAServiceTicket.m in Sources */,
				6BC1C0CF1BB37D8A00442479 /* OACall.m in Sources */,
				6BA440F21BB0DF3900BEC68E /* VegaNomSearchResult.m in Sources */,
				6BC1C0D61BB37D8A00442479 /* OARequestParameter.m in Sources */,
				6BC1C0D51BB37D8A00442479 /* OAProblem.m in Sources */,
				6BC1C0D11BB37D8A00442479 /* OADataFetcher.m in Sources */,
				8D7DCD4E1BAF859400A92AD2 /* AppDelegate.m in Sources */,
				6B7BFDE41BB5E7F20014B24E /* InstagramPostsTableViewCell.m in Sources */,
				6BC1C0C91BB37D8A00442479 /* NSMutableURLRequest+Parameters.m in Sources */,
				6BC1C0D21BB37D8A00442479 /* OAHMAC_SHA1SignatureProvider.m in Sources */,
				6BC1C0D91BB37D8A00442479 /* OATokenManager.m in Sources */,
				8D7DCD4B1BAF859400A92AD2 /* main.m in Sources */,
				6BA440EC1BB0DBA700BEC68E /* vegaNomViewController.m in Sources */,
				6BC1C0CC1BB37D8A00442479 /* Base64Transcoder.c in Sources */,
				6B7BFDE71BB5E83C0014B24E /* InstaPost.m in Sources */,
				6BA440E91BB0DB5700BEC68E /* APIManager.m in Sources */,
				6BC1C0D01BB37D8A00442479 /* OAConsumer.m in Sources */,
				6BC1C0C81BB37D8A00442479 /* NSURLRequest+OAuth.m in Sources */,
				6BC1C0CB1BB37D8A00442479 /* NSURL+Base.m in Sources */,
			);
			runOnlyForDeploymentPostprocessing = 0;
		};
/* End PBXSourcesBuildPhase section */

/* Begin PBXVariantGroup section */
		8D7DCD521BAF859400A92AD2 /* Main.storyboard */ = {
			isa = PBXVariantGroup;
			children = (
				8D7DCD531BAF859400A92AD2 /* Base */,
			);
			name = Main.storyboard;
			sourceTree = "<group>";
		};
		8D7DCD571BAF859400A92AD2 /* LaunchScreen.storyboard */ = {
			isa = PBXVariantGroup;
			children = (
				8D7DCD581BAF859400A92AD2 /* Base */,
			);
			name = LaunchScreen.storyboard;
			sourceTree = "<group>";
		};
/* End PBXVariantGroup section */

/* Begin XCBuildConfiguration section */
		8D7DCD5B1BAF859400A92AD2 /* Debug */ = {
			isa = XCBuildConfiguration;
			buildSettings = {
				ALWAYS_SEARCH_USER_PATHS = NO;
				CLANG_CXX_LANGUAGE_STANDARD = "gnu++0x";
				CLANG_CXX_LIBRARY = "libc++";
				CLANG_ENABLE_MODULES = YES;
				CLANG_ENABLE_OBJC_ARC = YES;
				CLANG_WARN_BOOL_CONVERSION = YES;
				CLANG_WARN_CONSTANT_CONVERSION = YES;
				CLANG_WARN_DIRECT_OBJC_ISA_USAGE = YES_ERROR;
				CLANG_WARN_EMPTY_BODY = YES;
				CLANG_WARN_ENUM_CONVERSION = YES;
				CLANG_WARN_INT_CONVERSION = YES;
				CLANG_WARN_OBJC_ROOT_CLASS = YES_ERROR;
				CLANG_WARN_UNREACHABLE_CODE = YES;
				CLANG_WARN__DUPLICATE_METHOD_MATCH = YES;
				"CODE_SIGN_IDENTITY[sdk=iphoneos*]" = "iPhone Developer";
				COPY_PHASE_STRIP = NO;
				DEBUG_INFORMATION_FORMAT = dwarf;
				ENABLE_STRICT_OBJC_MSGSEND = YES;
				ENABLE_TESTABILITY = YES;
				GCC_C_LANGUAGE_STANDARD = gnu99;
				GCC_DYNAMIC_NO_PIC = NO;
				GCC_NO_COMMON_BLOCKS = YES;
				GCC_OPTIMIZATION_LEVEL = 0;
				GCC_PREPROCESSOR_DEFINITIONS = (
					"DEBUG=1",
					"$(inherited)",
				);
				GCC_WARN_64_TO_32_BIT_CONVERSION = YES;
				GCC_WARN_ABOUT_RETURN_TYPE = YES_ERROR;
				GCC_WARN_UNDECLARED_SELECTOR = YES;
				GCC_WARN_UNINITIALIZED_AUTOS = YES_AGGRESSIVE;
				GCC_WARN_UNUSED_FUNCTION = YES;
				GCC_WARN_UNUSED_VARIABLE = YES;
				IPHONEOS_DEPLOYMENT_TARGET = 9.0;
				MTL_ENABLE_DEBUG_INFO = YES;
				ONLY_ACTIVE_ARCH = YES;
				SDKROOT = iphoneos;
			};
			name = Debug;
		};
		8D7DCD5C1BAF859400A92AD2 /* Release */ = {
			isa = XCBuildConfiguration;
			buildSettings = {
				ALWAYS_SEARCH_USER_PATHS = NO;
				CLANG_CXX_LANGUAGE_STANDARD = "gnu++0x";
				CLANG_CXX_LIBRARY = "libc++";
				CLANG_ENABLE_MODULES = YES;
				CLANG_ENABLE_OBJC_ARC = YES;
				CLANG_WARN_BOOL_CONVERSION = YES;
				CLANG_WARN_CONSTANT_CONVERSION = YES;
				CLANG_WARN_DIRECT_OBJC_ISA_USAGE = YES_ERROR;
				CLANG_WARN_EMPTY_BODY = YES;
				CLANG_WARN_ENUM_CONVERSION = YES;
				CLANG_WARN_INT_CONVERSION = YES;
				CLANG_WARN_OBJC_ROOT_CLASS = YES_ERROR;
				CLANG_WARN_UNREACHABLE_CODE = YES;
				CLANG_WARN__DUPLICATE_METHOD_MATCH = YES;
				"CODE_SIGN_IDENTITY[sdk=iphoneos*]" = "iPhone Developer";
				COPY_PHASE_STRIP = NO;
				DEBUG_INFORMATION_FORMAT = "dwarf-with-dsym";
				ENABLE_NS_ASSERTIONS = NO;
				ENABLE_STRICT_OBJC_MSGSEND = YES;
				GCC_C_LANGUAGE_STANDARD = gnu99;
				GCC_NO_COMMON_BLOCKS = YES;
				GCC_WARN_64_TO_32_BIT_CONVERSION = YES;
				GCC_WARN_ABOUT_RETURN_TYPE = YES_ERROR;
				GCC_WARN_UNDECLARED_SELECTOR = YES;
				GCC_WARN_UNINITIALIZED_AUTOS = YES_AGGRESSIVE;
				GCC_WARN_UNUSED_FUNCTION = YES;
				GCC_WARN_UNUSED_VARIABLE = YES;
				IPHONEOS_DEPLOYMENT_TARGET = 9.0;
				MTL_ENABLE_DEBUG_INFO = NO;
				SDKROOT = iphoneos;
				VALIDATE_PRODUCT = YES;
			};
			name = Release;
		};
		8D7DCD5E1BAF859400A92AD2 /* Debug */ = {
			isa = XCBuildConfiguration;
			buildSettings = {
				ASSETCATALOG_COMPILER_APPICON_NAME = AppIcon;
				INFOPLIST_FILE = TalkinToTheNet/Info.plist;
				IPHONEOS_DEPLOYMENT_TARGET = 8.4;
				LD_RUNPATH_SEARCH_PATHS = "$(inherited) @executable_path/Frameworks";
				PRODUCT_BUNDLE_IDENTIFIER = com.mikekavouras.TalkinToTheNet;
				PRODUCT_NAME = "$(TARGET_NAME)";
			};
			name = Debug;
		};
		8D7DCD5F1BAF859400A92AD2 /* Release */ = {
			isa = XCBuildConfiguration;
			buildSettings = {
				ASSETCATALOG_COMPILER_APPICON_NAME = AppIcon;
				INFOPLIST_FILE = TalkinToTheNet/Info.plist;
				IPHONEOS_DEPLOYMENT_TARGET = 8.4;
				LD_RUNPATH_SEARCH_PATHS = "$(inherited) @executable_path/Frameworks";
				PRODUCT_BUNDLE_IDENTIFIER = com.mikekavouras.TalkinToTheNet;
				PRODUCT_NAME = "$(TARGET_NAME)";
			};
			name = Release;
		};
/* End XCBuildConfiguration section */

/* Begin XCConfigurationList section */
		8D7DCD411BAF859400A92AD2 /* Build configuration list for PBXProject "TalkinToTheNet" */ = {
			isa = XCConfigurationList;
			buildConfigurations = (
				8D7DCD5B1BAF859400A92AD2 /* Debug */,
				8D7DCD5C1BAF859400A92AD2 /* Release */,
			);
			defaultConfigurationIsVisible = 0;
			defaultConfigurationName = Release;
		};
		8D7DCD5D1BAF859400A92AD2 /* Build configuration list for PBXNativeTarget "TalkinToTheNet" */ = {
			isa = XCConfigurationList;
			buildConfigurations = (
				8D7DCD5E1BAF859400A92AD2 /* Debug */,
				8D7DCD5F1BAF859400A92AD2 /* Release */,
			);
			defaultConfigurationIsVisible = 0;
			defaultConfigurationName = Release;
		};
/* End XCConfigurationList section */
	};
	rootObject = 8D7DCD3E1BAF859400A92AD2 /* Project object */;
}
